// !$*UTF8*$!
{
	archiveVersion = 1;
	classes = {
	};
	objectVersion = 50;
	objects = {

/* Begin PBXBuildFile section */
		EF911FB2265F4A0100D2920B /* AppDelegate.swift in Sources */ = {isa = PBXBuildFile; fileRef = EF911FB1265F4A0100D2920B /* AppDelegate.swift */; };
		EF911FB4265F4A0100D2920B /* SceneDelegate.swift in Sources */ = {isa = PBXBuildFile; fileRef = EF911FB3265F4A0100D2920B /* SceneDelegate.swift */; };
		EF911FB6265F4A0100D2920B /* ViewController.swift in Sources */ = {isa = PBXBuildFile; fileRef = EF911FB5265F4A0100D2920B /* ViewController.swift */; };
		EF911FB9265F4A0100D2920B /* Main.storyboard in Resources */ = {isa = PBXBuildFile; fileRef = EF911FB7265F4A0100D2920B /* Main.storyboard */; };
		EF911FBB265F4A0400D2920B /* Assets.xcassets in Resources */ = {isa = PBXBuildFile; fileRef = EF911FBA265F4A0400D2920B /* Assets.xcassets */; };
		EF911FBE265F4A0400D2920B /* LaunchScreen.storyboard in Resources */ = {isa = PBXBuildFile; fileRef = EF911FBC265F4A0400D2920B /* LaunchScreen.storyboard */; };
		EF911FC9265F4A0400D2920B /* DualFeatTests.swift in Sources */ = {isa = PBXBuildFile; fileRef = EF911FC8265F4A0400D2920B /* DualFeatTests.swift */; };
		EF911FD4265F4A0400D2920B /* DualFeatUITests.swift in Sources */ = {isa = PBXBuildFile; fileRef = EF911FD3265F4A0400D2920B /* DualFeatUITests.swift */; };
/* End PBXBuildFile section */

/* Begin PBXContainerItemProxy section */
		EF911FC5265F4A0400D2920B /* PBXContainerItemProxy */ = {
			isa = PBXContainerItemProxy;
			containerPortal = EF911FA6265F4A0100D2920B /* Project object */;
			proxyType = 1;
			remoteGlobalIDString = EF911FAD265F4A0100D2920B;
			remoteInfo = DualFeat;
		};
		EF911FD0265F4A0400D2920B /* PBXContainerItemProxy */ = {
			isa = PBXContainerItemProxy;
			containerPortal = EF911FA6265F4A0100D2920B /* Project object */;
			proxyType = 1;
			remoteGlobalIDString = EF911FAD265F4A0100D2920B;
			remoteInfo = DualFeat;
		};
/* End PBXContainerItemProxy section */

/* Begin PBXFileReference section */
		EF911FAE265F4A0100D2920B /* DualFeat.app */ = {isa = PBXFileReference; explicitFileType = wrapper.application; includeInIndex = 0; path = DualFeat.app; sourceTree = BUILT_PRODUCTS_DIR; };
		EF911FB1265F4A0100D2920B /* AppDelegate.swift */ = {isa = PBXFileReference; lastKnownFileType = sourcecode.swift; path = AppDelegate.swift; sourceTree = "<group>"; };
		EF911FB3265F4A0100D2920B /* SceneDelegate.swift */ = {isa = PBXFileReference; lastKnownFileType = sourcecode.swift; path = SceneDelegate.swift; sourceTree = "<group>"; };
		EF911FB5265F4A0100D2920B /* ViewController.swift */ = {isa = PBXFileReference; lastKnownFileType = sourcecode.swift; path = ViewController.swift; sourceTree = "<group>"; };
		EF911FB8265F4A0100D2920B /* Base */ = {isa = PBXFileReference; lastKnownFileType = file.storyboard; name = Base; path = Base.lproj/Main.storyboard; sourceTree = "<group>"; };
		EF911FBA265F4A0400D2920B /* Assets.xcassets */ = {isa = PBXFileReference; lastKnownFileType = folder.assetcatalog; path = Assets.xcassets; sourceTree = "<group>"; };
		EF911FBD265F4A0400D2920B /* Base */ = {isa = PBXFileReference; lastKnownFileType = file.storyboard; name = Base; path = Base.lproj/LaunchScreen.storyboard; sourceTree = "<group>"; };
		EF911FBF265F4A0400D2920B /* Info.plist */ = {isa = PBXFileReference; lastKnownFileType = text.plist.xml; path = Info.plist; sourceTree = "<group>"; };
		EF911FC4265F4A0400D2920B /* DualFeatTests.xctest */ = {isa = PBXFileReference; explicitFileType = wrapper.cfbundle; includeInIndex = 0; path = DualFeatTests.xctest; sourceTree = BUILT_PRODUCTS_DIR; };
		EF911FC8265F4A0400D2920B /* DualFeatTests.swift */ = {isa = PBXFileReference; lastKnownFileType = sourcecode.swift; path = DualFeatTests.swift; sourceTree = "<group>"; };
		EF911FCA265F4A0400D2920B /* Info.plist */ = {isa = PBXFileReference; lastKnownFileType = text.plist.xml; path = Info.plist; sourceTree = "<group>"; };
		EF911FCF265F4A0400D2920B /* DualFeatUITests.xctest */ = {isa = PBXFileReference; explicitFileType = wrapper.cfbundle; includeInIndex = 0; path = DualFeatUITests.xctest; sourceTree = BUILT_PRODUCTS_DIR; };
		EF911FD3265F4A0400D2920B /* DualFeatUITests.swift */ = {isa = PBXFileReference; lastKnownFileType = sourcecode.swift; path = DualFeatUITests.swift; sourceTree = "<group>"; };
		EF911FD5265F4A0400D2920B /* Info.plist */ = {isa = PBXFileReference; lastKnownFileType = text.plist.xml; path = Info.plist; sourceTree = "<group>"; };
/* End PBXFileReference section */

/* Begin PBXFrameworksBuildPhase section */
		EF911FAB265F4A0100D2920B /* Frameworks */ = {
			isa = PBXFrameworksBuildPhase;
			buildActionMask = 2147483647;
			files = (
			);
			runOnlyForDeploymentPostprocessing = 0;
		};
		EF911FC1265F4A0400D2920B /* Frameworks */ = {
			isa = PBXFrameworksBuildPhase;
			buildActionMask = 2147483647;
			files = (
			);
			runOnlyForDeploymentPostprocessing = 0;
		};
		EF911FCC265F4A0400D2920B /* Frameworks */ = {
			isa = PBXFrameworksBuildPhase;
			buildActionMask = 2147483647;
			files = (
			);
			runOnlyForDeploymentPostprocessing = 0;
		};
/* End PBXFrameworksBuildPhase section */

/* Begin PBXGroup section */
		EF911FA5265F4A0100D2920B = {
			isa = PBXGroup;
			children = (
				EF911FB0265F4A0100D2920B /* DualFeat */,
				EF911FC7265F4A0400D2920B /* DualFeatTests */,
				EF911FD2265F4A0400D2920B /* DualFeatUITests */,
				EF911FAF265F4A0100D2920B /* Products */,
			);
			sourceTree = "<group>";
		};
		EF911FAF265F4A0100D2920B /* Products */ = {
			isa = PBXGroup;
			children = (
				EF911FAE265F4A0100D2920B /* DualFeat.app */,
				EF911FC4265F4A0400D2920B /* DualFeatTests.xctest */,
				EF911FCF265F4A0400D2920B /* DualFeatUITests.xctest */,
			);
			name = Products;
			sourceTree = "<group>";
		};
		EF911FB0265F4A0100D2920B /* DualFeat */ = {
			isa = PBXGroup;
			children = (
				EF911FB1265F4A0100D2920B /* AppDelegate.swift */,
				EF911FB3265F4A0100D2920B /* SceneDelegate.swift */,
				EF911FB5265F4A0100D2920B /* ViewController.swift */,
				EF911FB7265F4A0100D2920B /* Main.storyboard */,
				EF911FBA265F4A0400D2920B /* Assets.xcassets */,
				EF911FBC265F4A0400D2920B /* LaunchScreen.storyboard */,
				EF911FBF265F4A0400D2920B /* Info.plist */,
			);
			path = DualFeat;
			sourceTree = "<group>";
		};
		EF911FC7265F4A0400D2920B /* DualFeatTests */ = {
			isa = PBXGroup;
			children = (
				EF911FC8265F4A0400D2920B /* DualFeatTests.swift */,
				EF911FCA265F4A0400D2920B /* Info.plist */,
			);
			path = DualFeatTests;
			sourceTree = "<group>";
		};
		EF911FD2265F4A0400D2920B /* DualFeatUITests */ = {
			isa = PBXGroup;
			children = (
				EF911FD3265F4A0400D2920B /* DualFeatUITests.swift */,
				EF911FD5265F4A0400D2920B /* Info.plist */,
			);
			path = DualFeatUITests;
			sourceTree = "<group>";
		};
/* End PBXGroup section */

/* Begin PBXNativeTarget section */
		EF911FAD265F4A0100D2920B /* DualFeat */ = {
			isa = PBXNativeTarget;
			buildConfigurationList = EF911FD8265F4A0400D2920B /* Build configuration list for PBXNativeTarget "DualFeat" */;
			buildPhases = (
				EF911FAA265F4A0100D2920B /* Sources */,
				EF911FAB265F4A0100D2920B /* Frameworks */,
				EF911FAC265F4A0100D2920B /* Resources */,
			);
			buildRules = (
			);
			dependencies = (
			);
			name = DualFeat;
			productName = DualFeat;
			productReference = EF911FAE265F4A0100D2920B /* DualFeat.app */;
			productType = "com.apple.product-type.application";
		};
		EF911FC3265F4A0400D2920B /* DualFeatTests */ = {
			isa = PBXNativeTarget;
			buildConfigurationList = EF911FDB265F4A0400D2920B /* Build configuration list for PBXNativeTarget "DualFeatTests" */;
			buildPhases = (
				EF911FC0265F4A0400D2920B /* Sources */,
				EF911FC1265F4A0400D2920B /* Frameworks */,
				EF911FC2265F4A0400D2920B /* Resources */,
			);
			buildRules = (
			);
			dependencies = (
				EF911FC6265F4A0400D2920B /* PBXTargetDependency */,
			);
			name = DualFeatTests;
			productName = DualFeatTests;
			productReference = EF911FC4265F4A0400D2920B /* DualFeatTests.xctest */;
			productType = "com.apple.product-type.bundle.unit-test";
		};
		EF911FCE265F4A0400D2920B /* DualFeatUITests */ = {
			isa = PBXNativeTarget;
			buildConfigurationList = EF911FDE265F4A0400D2920B /* Build configuration list for PBXNativeTarget "DualFeatUITests" */;
			buildPhases = (
				EF911FCB265F4A0400D2920B /* Sources */,
				EF911FCC265F4A0400D2920B /* Frameworks */,
				EF911FCD265F4A0400D2920B /* Resources */,
			);
			buildRules = (
			);
			dependencies = (
				EF911FD1265F4A0400D2920B /* PBXTargetDependency */,
			);
			name = DualFeatUITests;
			productName = DualFeatUITests;
			productReference = EF911FCF265F4A0400D2920B /* DualFeatUITests.xctest */;
			productType = "com.apple.product-type.bundle.ui-testing";
		};
/* End PBXNativeTarget section */

/* Begin PBXProject section */
		EF911FA6265F4A0100D2920B /* Project object */ = {
			isa = PBXProject;
			attributes = {
				LastSwiftUpdateCheck = 1250;
				LastUpgradeCheck = 1250;
				TargetAttributes = {
					EF911FAD265F4A0100D2920B = {
						CreatedOnToolsVersion = 12.5;
					};
					EF911FC3265F4A0400D2920B = {
						CreatedOnToolsVersion = 12.5;
						TestTargetID = EF911FAD265F4A0100D2920B;
					};
					EF911FCE265F4A0400D2920B = {
						CreatedOnToolsVersion = 12.5;
						TestTargetID = EF911FAD265F4A0100D2920B;
					};
				};
			};
			buildConfigurationList = EF911FA9265F4A0100D2920B /* Build configuration list for PBXProject "DualFeat" */;
			compatibilityVersion = "Xcode 9.3";
			developmentRegion = en;
			hasScannedForEncodings = 0;
			knownRegions = (
				en,
				Base,
			);
			mainGroup = EF911FA5265F4A0100D2920B;
			productRefGroup = EF911FAF265F4A0100D2920B /* Products */;
			projectDirPath = "";
			projectRoot = "";
			targets = (
				EF911FAD265F4A0100D2920B /* DualFeat */,
				EF911FC3265F4A0400D2920B /* DualFeatTests */,
				EF911FCE265F4A0400D2920B /* DualFeatUITests */,
			);
		};
/* End PBXProject section */

/* Begin PBXResourcesBuildPhase section */
		EF911FAC265F4A0100D2920B /* Resources */ = {
			isa = PBXResourcesBuildPhase;
			buildActionMask = 2147483647;
			files = (
				EF911FBE265F4A0400D2920B /* LaunchScreen.storyboard in Resources */,
				EF911FBB265F4A0400D2920B /* Assets.xcassets in Resources */,
				EF911FB9265F4A0100D2920B /* Main.storyboard in Resources */,
			);
			runOnlyForDeploymentPostprocessing = 0;
		};
		EF911FC2265F4A0400D2920B /* Resources */ = {
			isa = PBXResourcesBuildPhase;
			buildActionMask = 2147483647;
			files = (
			);
			runOnlyForDeploymentPostprocessing = 0;
		};
		EF911FCD265F4A0400D2920B /* Resources */ = {
			isa = PBXResourcesBuildPhase;
			buildActionMask = 2147483647;
			files = (
			);
			runOnlyForDeploymentPostprocessing = 0;
		};
/* End PBXResourcesBuildPhase section */

/* Begin PBXSourcesBuildPhase section */
		EF911FAA265F4A0100D2920B /* Sources */ = {
			isa = PBXSourcesBuildPhase;
			buildActionMask = 2147483647;
			files = (
				EF911FB6265F4A0100D2920B /* ViewController.swift in Sources */,
				EF911FB2265F4A0100D2920B /* AppDelegate.swift in Sources */,
				EF911FB4265F4A0100D2920B /* SceneDelegate.swift in Sources */,
			);
			runOnlyForDeploymentPostprocessing = 0;
		};
		EF911FC0265F4A0400D2920B /* Sources */ = {
			isa = PBXSourcesBuildPhase;
			buildActionMask = 2147483647;
			files = (
				EF911FC9265F4A0400D2920B /* DualFeatTests.swift in Sources */,
			);
			runOnlyForDeploymentPostprocessing = 0;
		};
		EF911FCB265F4A0400D2920B /* Sources */ = {
			isa = PBXSourcesBuildPhase;
			buildActionMask = 2147483647;
			files = (
				EF911FD4265F4A0400D2920B /* DualFeatUITests.swift in Sources */,
			);
			runOnlyForDeploymentPostprocessing = 0;
		};
/* End PBXSourcesBuildPhase section */

/* Begin PBXTargetDependency section */
		EF911FC6265F4A0400D2920B /* PBXTargetDependency */ = {
			isa = PBXTargetDependency;
			target = EF911FAD265F4A0100D2920B /* DualFeat */;
			targetProxy = EF911FC5265F4A0400D2920B /* PBXContainerItemProxy */;
		};
		EF911FD1265F4A0400D2920B /* PBXTargetDependency */ = {
			isa = PBXTargetDependency;
			target = EF911FAD265F4A0100D2920B /* DualFeat */;
			targetProxy = EF911FD0265F4A0400D2920B /* PBXContainerItemProxy */;
		};
/* End PBXTargetDependency section */

/* Begin PBXVariantGroup section */
		EF911FB7265F4A0100D2920B /* Main.storyboard */ = {
			isa = PBXVariantGroup;
			children = (
				EF911FB8265F4A0100D2920B /* Base */,
			);
			name = Main.storyboard;
			sourceTree = "<group>";
		};
		EF911FBC265F4A0400D2920B /* LaunchScreen.storyboard */ = {
			isa = PBXVariantGroup;
			children = (
				EF911FBD265F4A0400D2920B /* Base */,
			);
			name = LaunchScreen.storyboard;
			sourceTree = "<group>";
		};
/* End PBXVariantGroup section */

/* Begin XCBuildConfiguration section */
		EF911FD6265F4A0400D2920B /* Debug */ = {
			isa = XCBuildConfiguration;
			buildSettings = {
				ALWAYS_SEARCH_USER_PATHS = NO;
				CLANG_ANALYZER_NONNULL = YES;
				CLANG_ANALYZER_NUMBER_OBJECT_CONVERSION = YES_AGGRESSIVE;
				CLANG_CXX_LANGUAGE_STANDARD = "gnu++14";
				CLANG_CXX_LIBRARY = "libc++";
				CLANG_ENABLE_MODULES = YES;
				CLANG_ENABLE_OBJC_ARC = YES;
				CLANG_ENABLE_OBJC_WEAK = YES;
				CLANG_WARN_BLOCK_CAPTURE_AUTORELEASING = YES;
				CLANG_WARN_BOOL_CONVERSION = YES;
				CLANG_WARN_COMMA = YES;
				CLANG_WARN_CONSTANT_CONVERSION = YES;
				CLANG_WARN_DEPRECATED_OBJC_IMPLEMENTATIONS = YES;
				CLANG_WARN_DIRECT_OBJC_ISA_USAGE = YES_ERROR;
				CLANG_WARN_DOCUMENTATION_COMMENTS = YES;
				CLANG_WARN_EMPTY_BODY = YES;
				CLANG_WARN_ENUM_CONVERSION = YES;
				CLANG_WARN_INFINITE_RECURSION = YES;
				CLANG_WARN_INT_CONVERSION = YES;
				CLANG_WARN_NON_LITERAL_NULL_CONVERSION = YES;
				CLANG_WARN_OBJC_IMPLICIT_RETAIN_SELF = YES;
				CLANG_WARN_OBJC_LITERAL_CONVERSION = YES;
				CLANG_WARN_OBJC_ROOT_CLASS = YES_ERROR;
				CLANG_WARN_QUOTED_INCLUDE_IN_FRAMEWORK_HEADER = YES;
				CLANG_WARN_RANGE_LOOP_ANALYSIS = YES;
				CLANG_WARN_STRICT_PROTOTYPES = YES;
				CLANG_WARN_SUSPICIOUS_MOVE = YES;
				CLANG_WARN_UNGUARDED_AVAILABILITY = YES_AGGRESSIVE;
				CLANG_WARN_UNREACHABLE_CODE = YES;
				CLANG_WARN__DUPLICATE_METHOD_MATCH = YES;
				COPY_PHASE_STRIP = NO;
				DEBUG_INFORMATION_FORMAT = dwarf;
				ENABLE_STRICT_OBJC_MSGSEND = YES;
				ENABLE_TESTABILITY = YES;
				GCC_C_LANGUAGE_STANDARD = gnu11;
				GCC_DYNAMIC_NO_PIC = NO;
				GCC_NO_COMMON_BLOCKS = YES;
				GCC_OPTIMIZATION_LEVEL = 0;
				GCC_PREPROCESSOR_DEFINITIONS = (
					"DEBUG=1",
					"$(inherited)",
				);
				GCC_WARN_64_TO_32_BIT_CONVERSION = YES;
				GCC_WARN_ABOUT_RETURN_TYPE = YES_ERROR;
				GCC_WARN_UNDECLARED_SELECTOR = YES;
				GCC_WARN_UNINITIALIZED_AUTOS = YES_AGGRESSIVE;
				GCC_WARN_UNUSED_FUNCTION = YES;
				GCC_WARN_UNUSED_VARIABLE = YES;
				IPHONEOS_DEPLOYMENT_TARGET = 14.5;
				MTL_ENABLE_DEBUG_INFO = INCLUDE_SOURCE;
				MTL_FAST_MATH = YES;
				ONLY_ACTIVE_ARCH = YES;
				SDKROOT = iphoneos;
				SWIFT_ACTIVE_COMPILATION_CONDITIONS = DEBUG;
				SWIFT_OPTIMIZATION_LEVEL = "-Onone";
			};
			name = Debug;
		};
		EF911FD7265F4A0400D2920B /* Release */ = {
			isa = XCBuildConfiguration;
			buildSettings = {
				ALWAYS_SEARCH_USER_PATHS = NO;
				CLANG_ANALYZER_NONNULL = YES;
				CLANG_ANALYZER_NUMBER_OBJECT_CONVERSION = YES_AGGRESSIVE;
				CLANG_CXX_LANGUAGE_STANDARD = "gnu++14";
				CLANG_CXX_LIBRARY = "libc++";
				CLANG_ENABLE_MODULES = YES;
				CLANG_ENABLE_OBJC_ARC = YES;
				CLANG_ENABLE_OBJC_WEAK = YES;
				CLANG_WARN_BLOCK_CAPTURE_AUTORELEASING = YES;
				CLANG_WARN_BOOL_CONVERSION = YES;
				CLANG_WARN_COMMA = YES;
				CLANG_WARN_CONSTANT_CONVERSION = YES;
				CLANG_WARN_DEPRECATED_OBJC_IMPLEMENTATIONS = YES;
				CLANG_WARN_DIRECT_OBJC_ISA_USAGE = YES_ERROR;
				CLANG_WARN_DOCUMENTATION_COMMENTS = YES;
				CLANG_WARN_EMPTY_BODY = YES;
				CLANG_WARN_ENUM_CONVERSION = YES;
				CLANG_WARN_INFINITE_RECURSION = YES;
				CLANG_WARN_INT_CONVERSION = YES;
				CLANG_WARN_NON_LITERAL_NULL_CONVERSION = YES;
				CLANG_WARN_OBJC_IMPLICIT_RETAIN_SELF = YES;
				CLANG_WARN_OBJC_LITERAL_CONVERSION = YES;
				CLANG_WARN_OBJC_ROOT_CLASS = YES_ERROR;
				CLANG_WARN_QUOTED_INCLUDE_IN_FRAMEWORK_HEADER = YES;
				CLANG_WARN_RANGE_LOOP_ANALYSIS = YES;
				CLANG_WARN_STRICT_PROTOTYPES = YES;
				CLANG_WARN_SUSPICIOUS_MOVE = YES;
				CLANG_WARN_UNGUARDED_AVAILABILITY = YES_AGGRESSIVE;
				CLANG_WARN_UNREACHABLE_CODE = YES;
				CLANG_WARN__DUPLICATE_METHOD_MATCH = YES;
				COPY_PHASE_STRIP = NO;
				DEBUG_INFORMATION_FORMAT = "dwarf-with-dsym";
				ENABLE_NS_ASSERTIONS = NO;
				ENABLE_STRICT_OBJC_MSGSEND = YES;
				GCC_C_LANGUAGE_STANDARD = gnu11;
				GCC_NO_COMMON_BLOCKS = YES;
				GCC_WARN_64_TO_32_BIT_CONVERSION = YES;
				GCC_WARN_ABOUT_RETURN_TYPE = YES_ERROR;
				GCC_WARN_UNDECLARED_SELECTOR = YES;
				GCC_WARN_UNINITIALIZED_AUTOS = YES_AGGRESSIVE;
				GCC_WARN_UNUSED_FUNCTION = YES;
				GCC_WARN_UNUSED_VARIABLE = YES;
				IPHONEOS_DEPLOYMENT_TARGET = 14.5;
				MTL_ENABLE_DEBUG_INFO = NO;
				MTL_FAST_MATH = YES;
				SDKROOT = iphoneos;
				SWIFT_COMPILATION_MODE = wholemodule;
				SWIFT_OPTIMIZATION_LEVEL = "-O";
				VALIDATE_PRODUCT = YES;
			};
			name = Release;
		};
		EF911FD9265F4A0400D2920B /* Debug */ = {
			isa = XCBuildConfiguration;
			buildSettings = {
				ASSETCATALOG_COMPILER_APPICON_NAME = AppIcon;
				ASSETCATALOG_COMPILER_GLOBAL_ACCENT_COLOR_NAME = AccentColor;
				CODE_SIGN_STYLE = Automatic;
				DEVELOPMENT_TEAM = TV8726L29F;
				INFOPLIST_FILE = DualFeat/Info.plist;
				LD_RUNPATH_SEARCH_PATHS = (
					"$(inherited)",
					"@executable_path/Frameworks",
				);
				PRODUCT_BUNDLE_IDENTIFIER = com.evanxu.DualFeat;
				PRODUCT_NAME = "$(TARGET_NAME)";
				SWIFT_VERSION = 5.0;
				TARGETED_DEVICE_FAMILY = "1,2";
			};
			name = Debug;
		};
		EF911FDA265F4A0400D2920B /* Release */ = {
			isa = XCBuildConfiguration;
			buildSettings = {
				ASSETCATALOG_COMPILER_APPICON_NAME = AppIcon;
				ASSETCATALOG_COMPILER_GLOBAL_ACCENT_COLOR_NAME = AccentColor;
				CODE_SIGN_STYLE = Automatic;
				DEVELOPMENT_TEAM = TV8726L29F;
				INFOPLIST_FILE = DualFeat/Info.plist;
				LD_RUNPATH_SEARCH_PATHS = (
					"$(inherited)",
					"@executable_path/Frameworks",
				);
				PRODUCT_BUNDLE_IDENTIFIER = com.evanxu.DualFeat;
				PRODUCT_NAME = "$(TARGET_NAME)";
				SWIFT_VERSION = 5.0;
				TARGETED_DEVICE_FAMILY = "1,2";
			};
			name = Release;
		};
		EF911FDC265F4A0400D2920B /* Debug */ = {
			isa = XCBuildConfiguration;
			buildSettings = {
				ALWAYS_EMBED_SWIFT_STANDARD_LIBRARIES = YES;
				BUNDLE_LOADER = "$(TEST_HOST)";
				CODE_SIGN_STYLE = Automatic;
				DEVELOPMENT_TEAM = TV8726L29F;
				INFOPLIST_FILE = DualFeatTests/Info.plist;
				IPHONEOS_DEPLOYMENT_TARGET = 14.5;
				LD_RUNPATH_SEARCH_PATHS = (
					"$(inherited)",
					"@executable_path/Frameworks",
					"@loader_path/Frameworks",
				);
				PRODUCT_BUNDLE_IDENTIFIER = com.evanxu.DualFeatTests;
				PRODUCT_NAME = "$(TARGET_NAME)";
				SWIFT_VERSION = 5.0;
				TARGETED_DEVICE_FAMILY = "1,2";
				TEST_HOST = "$(BUILT_PRODUCTS_DIR)/DualFeat.app/DualFeat";
			};
			name = Debug;
		};
		EF911FDD265F4A0400D2920B /* Release */ = {
			isa = XCBuildConfiguration;
			buildSettings = {
				ALWAYS_EMBED_SWIFT_STANDARD_LIBRARIES = YES;
				BUNDLE_LOADER = "$(TEST_HOST)";
				CODE_SIGN_STYLE = Automatic;
				DEVELOPMENT_TEAM = TV8726L29F;
				INFOPLIST_FILE = DualFeatTests/Info.plist;
				IPHONEOS_DEPLOYMENT_TARGET = 14.5;
				LD_RUNPATH_SEARCH_PATHS = (
					"$(inherited)",
					"@executable_path/Frameworks",
					"@loader_path/Frameworks",
				);
				PRODUCT_BUNDLE_IDENTIFIER = com.evanxu.DualFeatTests;
				PRODUCT_NAME = "$(TARGET_NAME)";
				SWIFT_VERSION = 5.0;
				TARGETED_DEVICE_FAMILY = "1,2";
				TEST_HOST = "$(BUILT_PRODUCTS_DIR)/DualFeat.app/DualFeat";
			};
			name = Release;
		};
		EF911FDF265F4A0400D2920B /* Debug */ = {
			isa = XCBuildConfiguration;
			buildSettings = {
				ALWAYS_EMBED_SWIFT_STANDARD_LIBRARIES = YES;
				CODE_SIGN_STYLE = Automatic;
				DEVELOPMENT_TEAM = TV8726L29F;
				INFOPLIST_FILE = DualFeatUITests/Info.plist;
				LD_RUNPATH_SEARCH_PATHS = (
					"$(inherited)",
					"@executable_path/Frameworks",
					"@loader_path/Frameworks",
				);
				PRODUCT_BUNDLE_IDENTIFIER = com.evanxu.DualFeatUITests;
				PRODUCT_NAME = "$(TARGET_NAME)";
				SWIFT_VERSION = 5.0;
				TARGETED_DEVICE_FAMILY = "1,2";
				TEST_TARGET_NAME = DualFeat;
			};
			name = Debug;
		};
		EF911FE0265F4A0400D2920B /* Release */ = {
			isa = XCBuildConfiguration;
			buildSettings = {
				ALWAYS_EMBED_SWIFT_STANDARD_LIBRARIES = YES;
				CODE_SIGN_STYLE = Automatic;
				DEVELOPMENT_TEAM = TV8726L29F;
				INFOPLIST_FILE = DualFeatUITests/Info.plist;
				LD_RUNPATH_SEARCH_PATHS = (
					"$(inherited)",
					"@executable_path/Frameworks",
					"@loader_path/Frameworks",
				);
				PRODUCT_BUNDLE_IDENTIFIER = com.evanxu.DualFeatUITests;
				PRODUCT_NAME = "$(TARGET_NAME)";
				SWIFT_VERSION = 5.0;
				TARGETED_DEVICE_FAMILY = "1,2";
				TEST_TARGET_NAME = DualFeat;
			};
			name = Release;
		};
/* End XCBuildConfiguration section */

/* Begin XCConfigurationList section */
		EF911FA9265F4A0100D2920B /* Build configuration list for PBXProject "DualFeat" */ = {
			isa = XCConfigurationList;
			buildConfigurations = (
				EF911FD6265F4A0400D2920B /* Debug */,
				EF911FD7265F4A0400D2920B /* Release */,
			);
			defaultConfigurationIsVisible = 0;
			defaultConfigurationName = Release;
		};
		EF911FD8265F4A0400D2920B /* Build configuration list for PBXNativeTarget "DualFeat" */ = {
			isa = XCConfigurationList;
			buildConfigurations = (
				EF911FD9265F4A0400D2920B /* Debug */,
				EF911FDA265F4A0400D2920B /* Release */,
			);
			defaultConfigurationIsVisible = 0;
			defaultConfigurationName = Release;
		};
		EF911FDB265F4A0400D2920B /* Build configuration list for PBXNativeTarget "DualFeatTests" */ = {
			isa = XCConfigurationList;
			buildConfigurations = (
				EF911FDC265F4A0400D2920B /* Debug */,
				EF911FDD265F4A0400D2920B /* Release */,
			);
			defaultConfigurationIsVisible = 0;
			defaultConfigurationName = Release;
		};
		EF911FDE265F4A0400D2920B /* Build configuration list for PBXNativeTarget "DualFeatUITests" */ = {
			isa = XCConfigurationList;
			buildConfigurations = (
				EF911FDF265F4A0400D2920B /* Debug */,
				EF911FE0265F4A0400D2920B /* Release */,
			);
			defaultConfigurationIsVisible = 0;
			defaultConfigurationName = Release;
		};
/* End XCConfigurationList section */
	};
	rootObject = EF911FA6265F4A0100D2920B /* Project object */;
}
